
Microsoft Visual Studio Solution File, Format Version 12.00
# Visual Studio Version 17
VisualStudioVersion = 17.3.32929.385
MinimumVisualStudioVersion = 10.0.40219.1
Project("{FAE04EC0-301F-11D3-BF4B-00C04F79EFBC}") = "ITHS-lab3", "ITHS-lab3\ITHS-lab3.csproj", "{ADA095E7-275D-40C5-A63B-D5A2370213F4}"
EndProject
Global
	GlobalSection(SolutionConfigurationPlatforms) = preSolution
		Debug|Any CPU = Debug|Any CPU
		Release|Any CPU = Release|Any CPU
	EndGlobalSection
	GlobalSection(ProjectConfigurationPlatforms) = postSolution
		{ADA095E7-275D-40C5-A63B-D5A2370213F4}.Debug|Any CPU.ActiveCfg = Debug|Any CPU
		{ADA095E7-275D-40C5-A63B-D5A2370213F4}.Debug|Any CPU.Build.0 = Debug|Any CPU
		{ADA095E7-275D-40C5-A63B-D5A2370213F4}.Release|Any CPU.ActiveCfg = Release|Any CPU
		{ADA095E7-275D-40C5-A63B-D5A2370213F4}.Release|Any CPU.Build.0 = Release|Any CPU
	EndGlobalSection
	GlobalSection(SolutionProperties) = preSolution
		HideSolutionNode = FALSE
	EndGlobalSection
	GlobalSection(ExtensibilityGlobals) = postSolution
		SolutionGuid = {3F717117-A273-400D-A1D5-D9BAAE70FDDA}
	EndGlobalSection
EndGlobal
